
Microsoft Visual Studio Solution File, Format Version 12.00
# Visual Studio 15
VisualStudioVersion = 15.0.26228.4
MinimumVisualStudioVersion = 10.0.40219.1
Project("{FAE04EC0-301F-11D3-BF4B-00C04F79EFBC}") = "TestToSpeechDemo", "TestToSpeechDemo\TestToSpeechDemo.csproj", "{13FE3E3B-ECAE-445A-8841-DDE3E7A076DB}"
EndProject
Project("{FAE04EC0-301F-11D3-BF4B-00C04F79EFBC}") = "SpeechRecognitionDemo", "SpeechRecognitionDemo\SpeechRecognitionDemo.csproj", "{170AE830-217A-4175-91D1-DCD525B99221}"
EndProject
Global
	GlobalSection(SolutionConfigurationPlatforms) = preSolution
		Debug|Any CPU = Debug|Any CPU
		Release|Any CPU = Release|Any CPU
	EndGlobalSection
	GlobalSection(ProjectConfigurationPlatforms) = postSolution
		{13FE3E3B-ECAE-445A-8841-DDE3E7A076DB}.Debug|Any CPU.ActiveCfg = Debug|Any CPU
		{13FE3E3B-ECAE-445A-8841-DDE3E7A076DB}.Debug|Any CPU.Build.0 = Debug|Any CPU
		{13FE3E3B-ECAE-445A-8841-DDE3E7A076DB}.Release|Any CPU.ActiveCfg = Release|Any CPU
		{13FE3E3B-ECAE-445A-8841-DDE3E7A076DB}.Release|Any CPU.Build.0 = Release|Any CPU
		{170AE830-217A-4175-91D1-DCD525B99221}.Debug|Any CPU.ActiveCfg = Debug|Any CPU
		{170AE830-217A-4175-91D1-DCD525B99221}.Debug|Any CPU.Build.0 = Debug|Any CPU
		{170AE830-217A-4175-91D1-DCD525B99221}.Release|Any CPU.ActiveCfg = Release|Any CPU
		{170AE830-217A-4175-91D1-DCD525B99221}.Release|Any CPU.Build.0 = Release|Any CPU
	EndGlobalSection
	GlobalSection(SolutionProperties) = preSolution
		HideSolutionNode = FALSE
	EndGlobalSection
EndGlobal
